// !$*UTF8*$!
{
	archiveVersion = 1;
	classes = {
	};
	objectVersion = 52;
	objects = {

/* Begin PBXBuildFile section */
		9E3DE56E24C219F70094D078 /* AppDelegate.swift in Sources */ = {isa = PBXBuildFile; fileRef = 9E3DE56D24C219F70094D078 /* AppDelegate.swift */; };
		9E3DE57024C219F70094D078 /* SceneDelegate.swift in Sources */ = {isa = PBXBuildFile; fileRef = 9E3DE56F24C219F70094D078 /* SceneDelegate.swift */; };
		9E3DE57224C219F70094D078 /* SoundWaveViewController.swift in Sources */ = {isa = PBXBuildFile; fileRef = 9E3DE57124C219F70094D078 /* SoundWaveViewController.swift */; };
		9E3DE57424C219F70094D078 /* SecondViewController.swift in Sources */ = {isa = PBXBuildFile; fileRef = 9E3DE57324C219F70094D078 /* SecondViewController.swift */; };
		9E3DE57724C219F70094D078 /* Main.storyboard in Resources */ = {isa = PBXBuildFile; fileRef = 9E3DE57524C219F70094D078 /* Main.storyboard */; };
		9E3DE57924C219FB0094D078 /* Assets.xcassets in Resources */ = {isa = PBXBuildFile; fileRef = 9E3DE57824C219FB0094D078 /* Assets.xcassets */; };
		9E3DE57C24C219FB0094D078 /* LaunchScreen.storyboard in Resources */ = {isa = PBXBuildFile; fileRef = 9E3DE57A24C219FB0094D078 /* LaunchScreen.storyboard */; };
		9E3DE58724C219FB0094D078 /* bird_callsTests.swift in Sources */ = {isa = PBXBuildFile; fileRef = 9E3DE58624C219FB0094D078 /* bird_callsTests.swift */; };
		9E3DE59224C219FB0094D078 /* bird_callsUITests.swift in Sources */ = {isa = PBXBuildFile; fileRef = 9E3DE59124C219FB0094D078 /* bird_callsUITests.swift */; };
		9E3DE5A024C21CD60094D078 /* SoundWaveCell.xib in Resources */ = {isa = PBXBuildFile; fileRef = 9E3DE59F24C21CD60094D078 /* SoundWaveCell.xib */; };
		9E3DE5A224C21D370094D078 /* SoundWaveCell.swift in Sources */ = {isa = PBXBuildFile; fileRef = 9E3DE5A124C21D360094D078 /* SoundWaveCell.swift */; };
		9E3DE5A724C24AC40094D078 /* XC46782 - Neblina Tapaculo - Scytalopus altirostris.mp3 in Resources */ = {isa = PBXBuildFile; fileRef = 9E3DE5A424C24AC30094D078 /* XC46782 - Neblina Tapaculo - Scytalopus altirostris.mp3 */; };
		9E3DE5A924C24AC40094D078 /* XC10000 - Thrush-like Antpitta - Myrmothera campanisona signata.mp3 in Resources */ = {isa = PBXBuildFile; fileRef = 9E3DE5A624C24AC40094D078 /* XC10000 - Thrush-like Antpitta - Myrmothera campanisona signata.mp3 */; };
		9E3DE5AE24C299AD0094D078 /* XC55554 - Rufous-capped Spinetail - Synallaxis ruficapilla.mp3 in Resources */ = {isa = PBXBuildFile; fileRef = 9E3DE5AD24C299AD0094D078 /* XC55554 - Rufous-capped Spinetail - Synallaxis ruficapilla.mp3 */; };
		9E525A6024CDF6B200D7F2CC /* QuizViewController.swift in Sources */ = {isa = PBXBuildFile; fileRef = 9E525A5F24CDF6B200D7F2CC /* QuizViewController.swift */; };
		9E525A6224CDF7ED00D7F2CC /* BirdCollectionViewCell.swift in Sources */ = {isa = PBXBuildFile; fileRef = 9E525A6124CDF7ED00D7F2CC /* BirdCollectionViewCell.swift */; };
		9E525A6424CDF91400D7F2CC /* cardinal.jpg in Resources */ = {isa = PBXBuildFile; fileRef = 9E525A6324CDF91400D7F2CC /* cardinal.jpg */; };
		9E525A6624CDFEDF00D7F2CC /* BirdOptionsCollectionViewController.swift in Sources */ = {isa = PBXBuildFile; fileRef = 9E525A6524CDFEDF00D7F2CC /* BirdOptionsCollectionViewController.swift */; };
		9E525A6824CE0AF100D7F2CC /* UIImage+Extensions.swift in Sources */ = {isa = PBXBuildFile; fileRef = 9E525A6724CE0AF100D7F2CC /* UIImage+Extensions.swift */; };
		9E70017724C396420054D2D7 /* FDWaveformView in Frameworks */ = {isa = PBXBuildFile; productRef = 9E70017624C396420054D2D7 /* FDWaveformView */; };
		9E70017924C604B00054D2D7 /* AudioFile.swift in Sources */ = {isa = PBXBuildFile; fileRef = 9E70017824C604B00054D2D7 /* AudioFile.swift */; };
		9E70017B24C8C4F10054D2D7 /* BirdCardView.xib in Resources */ = {isa = PBXBuildFile; fileRef = 9E70017A24C8C4F10054D2D7 /* BirdCardView.xib */; };
/* End PBXBuildFile section */

/* Begin PBXContainerItemProxy section */
		9E3DE58324C219FB0094D078 /* PBXContainerItemProxy */ = {
			isa = PBXContainerItemProxy;
			containerPortal = 9E3DE56224C219F70094D078 /* Project object */;
			proxyType = 1;
			remoteGlobalIDString = 9E3DE56924C219F70094D078;
			remoteInfo = "bird-calls";
		};
		9E3DE58E24C219FB0094D078 /* PBXContainerItemProxy */ = {
			isa = PBXContainerItemProxy;
			containerPortal = 9E3DE56224C219F70094D078 /* Project object */;
			proxyType = 1;
			remoteGlobalIDString = 9E3DE56924C219F70094D078;
			remoteInfo = "bird-calls";
		};
/* End PBXContainerItemProxy section */

/* Begin PBXFileReference section */
		9E3DE56A24C219F70094D078 /* bird-calls.app */ = {isa = PBXFileReference; explicitFileType = wrapper.application; includeInIndex = 0; path = "bird-calls.app"; sourceTree = BUILT_PRODUCTS_DIR; };
		9E3DE56D24C219F70094D078 /* AppDelegate.swift */ = {isa = PBXFileReference; lastKnownFileType = sourcecode.swift; path = AppDelegate.swift; sourceTree = "<group>"; };
		9E3DE56F24C219F70094D078 /* SceneDelegate.swift */ = {isa = PBXFileReference; lastKnownFileType = sourcecode.swift; path = SceneDelegate.swift; sourceTree = "<group>"; };
		9E3DE57124C219F70094D078 /* SoundWaveViewController.swift */ = {isa = PBXFileReference; lastKnownFileType = sourcecode.swift; path = SoundWaveViewController.swift; sourceTree = "<group>"; };
		9E3DE57324C219F70094D078 /* SecondViewController.swift */ = {isa = PBXFileReference; lastKnownFileType = sourcecode.swift; path = SecondViewController.swift; sourceTree = "<group>"; };
		9E3DE57624C219F70094D078 /* Base */ = {isa = PBXFileReference; lastKnownFileType = file.storyboard; name = Base; path = Base.lproj/Main.storyboard; sourceTree = "<group>"; };
		9E3DE57824C219FB0094D078 /* Assets.xcassets */ = {isa = PBXFileReference; lastKnownFileType = folder.assetcatalog; path = Assets.xcassets; sourceTree = "<group>"; };
		9E3DE57B24C219FB0094D078 /* Base */ = {isa = PBXFileReference; lastKnownFileType = file.storyboard; name = Base; path = Base.lproj/LaunchScreen.storyboard; sourceTree = "<group>"; };
		9E3DE57D24C219FB0094D078 /* Info.plist */ = {isa = PBXFileReference; lastKnownFileType = text.plist.xml; path = Info.plist; sourceTree = "<group>"; };
		9E3DE58224C219FB0094D078 /* bird-callsTests.xctest */ = {isa = PBXFileReference; explicitFileType = wrapper.cfbundle; includeInIndex = 0; path = "bird-callsTests.xctest"; sourceTree = BUILT_PRODUCTS_DIR; };
		9E3DE58624C219FB0094D078 /* bird_callsTests.swift */ = {isa = PBXFileReference; lastKnownFileType = sourcecode.swift; path = bird_callsTests.swift; sourceTree = "<group>"; };
		9E3DE58824C219FB0094D078 /* Info.plist */ = {isa = PBXFileReference; lastKnownFileType = text.plist.xml; path = Info.plist; sourceTree = "<group>"; };
		9E3DE58D24C219FB0094D078 /* bird-callsUITests.xctest */ = {isa = PBXFileReference; explicitFileType = wrapper.cfbundle; includeInIndex = 0; path = "bird-callsUITests.xctest"; sourceTree = BUILT_PRODUCTS_DIR; };
		9E3DE59124C219FB0094D078 /* bird_callsUITests.swift */ = {isa = PBXFileReference; lastKnownFileType = sourcecode.swift; path = bird_callsUITests.swift; sourceTree = "<group>"; };
		9E3DE59324C219FB0094D078 /* Info.plist */ = {isa = PBXFileReference; lastKnownFileType = text.plist.xml; path = Info.plist; sourceTree = "<group>"; };
		9E3DE59F24C21CD60094D078 /* SoundWaveCell.xib */ = {isa = PBXFileReference; fileEncoding = 4; lastKnownFileType = file.xib; path = SoundWaveCell.xib; sourceTree = "<group>"; };
		9E3DE5A124C21D360094D078 /* SoundWaveCell.swift */ = {isa = PBXFileReference; fileEncoding = 4; lastKnownFileType = sourcecode.swift; path = SoundWaveCell.swift; sourceTree = "<group>"; };
		9E3DE5A424C24AC30094D078 /* XC46782 - Neblina Tapaculo - Scytalopus altirostris.mp3 */ = {isa = PBXFileReference; lastKnownFileType = audio.mp3; path = "XC46782 - Neblina Tapaculo - Scytalopus altirostris.mp3"; sourceTree = "<group>"; };
		9E3DE5A624C24AC40094D078 /* XC10000 - Thrush-like Antpitta - Myrmothera campanisona signata.mp3 */ = {isa = PBXFileReference; lastKnownFileType = audio.mp3; path = "XC10000 - Thrush-like Antpitta - Myrmothera campanisona signata.mp3"; sourceTree = "<group>"; };
		9E3DE5AD24C299AD0094D078 /* XC55554 - Rufous-capped Spinetail - Synallaxis ruficapilla.mp3 */ = {isa = PBXFileReference; lastKnownFileType = audio.mp3; path = "XC55554 - Rufous-capped Spinetail - Synallaxis ruficapilla.mp3"; sourceTree = "<group>"; };
		9E525A5F24CDF6B200D7F2CC /* QuizViewController.swift */ = {isa = PBXFileReference; lastKnownFileType = sourcecode.swift; path = QuizViewController.swift; sourceTree = "<group>"; };
		9E525A6124CDF7ED00D7F2CC /* BirdCollectionViewCell.swift */ = {isa = PBXFileReference; lastKnownFileType = sourcecode.swift; path = BirdCollectionViewCell.swift; sourceTree = "<group>"; };
		9E525A6324CDF91400D7F2CC /* cardinal.jpg */ = {isa = PBXFileReference; lastKnownFileType = image.jpeg; path = cardinal.jpg; sourceTree = SOURCE_ROOT; };
		9E525A6524CDFEDF00D7F2CC /* BirdOptionsCollectionViewController.swift */ = {isa = PBXFileReference; lastKnownFileType = sourcecode.swift; path = BirdOptionsCollectionViewController.swift; sourceTree = "<group>"; };
		9E525A6724CE0AF100D7F2CC /* UIImage+Extensions.swift */ = {isa = PBXFileReference; lastKnownFileType = sourcecode.swift; path = "UIImage+Extensions.swift"; sourceTree = "<group>"; };
		9E70017824C604B00054D2D7 /* AudioFile.swift */ = {isa = PBXFileReference; lastKnownFileType = sourcecode.swift; path = AudioFile.swift; sourceTree = "<group>"; };
		9E70017A24C8C4F10054D2D7 /* BirdCardView.xib */ = {isa = PBXFileReference; lastKnownFileType = file.xib; path = BirdCardView.xib; sourceTree = "<group>"; };
/* End PBXFileReference section */

/* Begin PBXFrameworksBuildPhase section */
		9E3DE56724C219F70094D078 /* Frameworks */ = {
			isa = PBXFrameworksBuildPhase;
			buildActionMask = 2147483647;
			files = (
				9E70017724C396420054D2D7 /* FDWaveformView in Frameworks */,
			);
			runOnlyForDeploymentPostprocessing = 0;
		};
		9E3DE57F24C219FB0094D078 /* Frameworks */ = {
			isa = PBXFrameworksBuildPhase;
			buildActionMask = 2147483647;
			files = (
			);
			runOnlyForDeploymentPostprocessing = 0;
		};
		9E3DE58A24C219FB0094D078 /* Frameworks */ = {
			isa = PBXFrameworksBuildPhase;
			buildActionMask = 2147483647;
			files = (
			);
			runOnlyForDeploymentPostprocessing = 0;
		};
/* End PBXFrameworksBuildPhase section */

/* Begin PBXGroup section */
		9E3DE56124C219F70094D078 = {
			isa = PBXGroup;
			children = (
				9E3DE56C24C219F70094D078 /* bird-calls */,
				9E3DE58524C219FB0094D078 /* bird-callsTests */,
				9E3DE59024C219FB0094D078 /* bird-callsUITests */,
				9E3DE56B24C219F70094D078 /* Products */,
			);
			sourceTree = "<group>";
		};
		9E3DE56B24C219F70094D078 /* Products */ = {
			isa = PBXGroup;
			children = (
				9E3DE56A24C219F70094D078 /* bird-calls.app */,
				9E3DE58224C219FB0094D078 /* bird-callsTests.xctest */,
				9E3DE58D24C219FB0094D078 /* bird-callsUITests.xctest */,
			);
			name = Products;
			sourceTree = "<group>";
		};
		9E3DE56C24C219F70094D078 /* bird-calls */ = {
			isa = PBXGroup;
			children = (
				9E3DE56D24C219F70094D078 /* AppDelegate.swift */,
				9E3DE56F24C219F70094D078 /* SceneDelegate.swift */,
				9E3DE57124C219F70094D078 /* SoundWaveViewController.swift */,
				9E70017824C604B00054D2D7 /* AudioFile.swift */,
				9E3DE57324C219F70094D078 /* SecondViewController.swift */,
				9E3DE5A124C21D360094D078 /* SoundWaveCell.swift */,
				9E3DE57524C219F70094D078 /* Main.storyboard */,
				9E525A6324CDF91400D7F2CC /* cardinal.jpg */,
				9E525A6524CDFEDF00D7F2CC /* BirdOptionsCollectionViewController.swift */,
				9E525A6724CE0AF100D7F2CC /* UIImage+Extensions.swift */,
				9E525A5F24CDF6B200D7F2CC /* QuizViewController.swift */,
				9E525A6124CDF7ED00D7F2CC /* BirdCollectionViewCell.swift */,
				9E70017A24C8C4F10054D2D7 /* BirdCardView.xib */,
				9E3DE57824C219FB0094D078 /* Assets.xcassets */,
				9E3DE57A24C219FB0094D078 /* LaunchScreen.storyboard */,
				9E3DE57D24C219FB0094D078 /* Info.plist */,
				9E3DE59F24C21CD60094D078 /* SoundWaveCell.xib */,
				9E3DE5AA24C24AD50094D078 /* Bird Sounds */,
			);
			path = "bird-calls";
			sourceTree = "<group>";
		};
		9E3DE58524C219FB0094D078 /* bird-callsTests */ = {
			isa = PBXGroup;
			children = (
				9E3DE58624C219FB0094D078 /* bird_callsTests.swift */,
				9E3DE58824C219FB0094D078 /* Info.plist */,
			);
			path = "bird-callsTests";
			sourceTree = "<group>";
		};
		9E3DE59024C219FB0094D078 /* bird-callsUITests */ = {
			isa = PBXGroup;
			children = (
				9E3DE59124C219FB0094D078 /* bird_callsUITests.swift */,
				9E3DE59324C219FB0094D078 /* Info.plist */,
			);
			path = "bird-callsUITests";
			sourceTree = "<group>";
		};
		9E3DE5AA24C24AD50094D078 /* Bird Sounds */ = {
			isa = PBXGroup;
			children = (
				9E3DE5A624C24AC40094D078 /* XC10000 - Thrush-like Antpitta - Myrmothera campanisona signata.mp3 */,
				9E3DE5A424C24AC30094D078 /* XC46782 - Neblina Tapaculo - Scytalopus altirostris.mp3 */,
				9E3DE5AD24C299AD0094D078 /* XC55554 - Rufous-capped Spinetail - Synallaxis ruficapilla.mp3 */,
			);
			path = "Bird Sounds";
			sourceTree = "<group>";
		};
/* End PBXGroup section */

/* Begin PBXNativeTarget section */
		9E3DE56924C219F70094D078 /* bird-calls */ = {
			isa = PBXNativeTarget;
			buildConfigurationList = 9E3DE59624C219FB0094D078 /* Build configuration list for PBXNativeTarget "bird-calls" */;
			buildPhases = (
				9E3DE56624C219F70094D078 /* Sources */,
				9E3DE56724C219F70094D078 /* Frameworks */,
				9E3DE56824C219F70094D078 /* Resources */,
				9E3DE5A324C220E60094D078 /* ShellScript */,
			);
			buildRules = (
			);
			dependencies = (
			);
			name = "bird-calls";
			packageProductDependencies = (
				9E70017624C396420054D2D7 /* FDWaveformView */,
			);
			productName = "bird-calls";
			productReference = 9E3DE56A24C219F70094D078 /* bird-calls.app */;
			productType = "com.apple.product-type.application";
		};
		9E3DE58124C219FB0094D078 /* bird-callsTests */ = {
			isa = PBXNativeTarget;
			buildConfigurationList = 9E3DE59924C219FB0094D078 /* Build configuration list for PBXNativeTarget "bird-callsTests" */;
			buildPhases = (
				9E3DE57E24C219FB0094D078 /* Sources */,
				9E3DE57F24C219FB0094D078 /* Frameworks */,
				9E3DE58024C219FB0094D078 /* Resources */,
			);
			buildRules = (
			);
			dependencies = (
				9E3DE58424C219FB0094D078 /* PBXTargetDependency */,
			);
			name = "bird-callsTests";
			productName = "bird-callsTests";
			productReference = 9E3DE58224C219FB0094D078 /* bird-callsTests.xctest */;
			productType = "com.apple.product-type.bundle.unit-test";
		};
		9E3DE58C24C219FB0094D078 /* bird-callsUITests */ = {
			isa = PBXNativeTarget;
			buildConfigurationList = 9E3DE59C24C219FB0094D078 /* Build configuration list for PBXNativeTarget "bird-callsUITests" */;
			buildPhases = (
				9E3DE58924C219FB0094D078 /* Sources */,
				9E3DE58A24C219FB0094D078 /* Frameworks */,
				9E3DE58B24C219FB0094D078 /* Resources */,
			);
			buildRules = (
			);
			dependencies = (
				9E3DE58F24C219FB0094D078 /* PBXTargetDependency */,
			);
			name = "bird-callsUITests";
			productName = "bird-callsUITests";
			productReference = 9E3DE58D24C219FB0094D078 /* bird-callsUITests.xctest */;
			productType = "com.apple.product-type.bundle.ui-testing";
		};
/* End PBXNativeTarget section */

/* Begin PBXProject section */
		9E3DE56224C219F70094D078 /* Project object */ = {
			isa = PBXProject;
			attributes = {
				LastSwiftUpdateCheck = 1160;
				LastUpgradeCheck = 1160;
				ORGANIZATIONNAME = "Renee Sajedian";
				TargetAttributes = {
					9E3DE56924C219F70094D078 = {
						CreatedOnToolsVersion = 11.6;
					};
					9E3DE58124C219FB0094D078 = {
						CreatedOnToolsVersion = 11.6;
						TestTargetID = 9E3DE56924C219F70094D078;
					};
					9E3DE58C24C219FB0094D078 = {
						CreatedOnToolsVersion = 11.6;
						TestTargetID = 9E3DE56924C219F70094D078;
					};
				};
			};
			buildConfigurationList = 9E3DE56524C219F70094D078 /* Build configuration list for PBXProject "bird-calls" */;
			compatibilityVersion = "Xcode 9.3";
			developmentRegion = en;
			hasScannedForEncodings = 0;
			knownRegions = (
				en,
				Base,
			);
			mainGroup = 9E3DE56124C219F70094D078;
			packageReferences = (
				9E70017524C396420054D2D7 /* XCRemoteSwiftPackageReference "FDWaveformView" */,
			);
			productRefGroup = 9E3DE56B24C219F70094D078 /* Products */;
			projectDirPath = "";
			projectRoot = "";
			targets = (
				9E3DE56924C219F70094D078 /* bird-calls */,
				9E3DE58124C219FB0094D078 /* bird-callsTests */,
				9E3DE58C24C219FB0094D078 /* bird-callsUITests */,
			);
		};
/* End PBXProject section */

/* Begin PBXResourcesBuildPhase section */
		9E3DE56824C219F70094D078 /* Resources */ = {
			isa = PBXResourcesBuildPhase;
			buildActionMask = 2147483647;
			files = (
				9E70017B24C8C4F10054D2D7 /* BirdCardView.xib in Resources */,
				9E3DE5A924C24AC40094D078 /* XC10000 - Thrush-like Antpitta - Myrmothera campanisona signata.mp3 in Resources */,
				9E3DE57C24C219FB0094D078 /* LaunchScreen.storyboard in Resources */,
				9E3DE5A024C21CD60094D078 /* SoundWaveCell.xib in Resources */,
				9E3DE57924C219FB0094D078 /* Assets.xcassets in Resources */,
				9E525A6424CDF91400D7F2CC /* cardinal.jpg in Resources */,
				9E3DE5AE24C299AD0094D078 /* XC55554 - Rufous-capped Spinetail - Synallaxis ruficapilla.mp3 in Resources */,
				9E3DE57724C219F70094D078 /* Main.storyboard in Resources */,
				9E3DE5A724C24AC40094D078 /* XC46782 - Neblina Tapaculo - Scytalopus altirostris.mp3 in Resources */,
			);
			runOnlyForDeploymentPostprocessing = 0;
		};
		9E3DE58024C219FB0094D078 /* Resources */ = {
			isa = PBXResourcesBuildPhase;
			buildActionMask = 2147483647;
			files = (
			);
			runOnlyForDeploymentPostprocessing = 0;
		};
		9E3DE58B24C219FB0094D078 /* Resources */ = {
			isa = PBXResourcesBuildPhase;
			buildActionMask = 2147483647;
			files = (
			);
			runOnlyForDeploymentPostprocessing = 0;
		};
/* End PBXResourcesBuildPhase section */

/* Begin PBXShellScriptBuildPhase section */
		9E3DE5A324C220E60094D078 /* ShellScript */ = {
			isa = PBXShellScriptBuildPhase;
			buildActionMask = 2147483647;
			files = (
			);
			inputFileListPaths = (
			);
			inputPaths = (
			);
			outputFileListPaths = (
			);
			outputPaths = (
			);
			runOnlyForDeploymentPostprocessing = 0;
			shellPath = /bin/sh;
			shellScript = "if which swiftlint >/dev/null; then\n  swiftlint\nelse\n  echo \"warning: SwiftLint not installed, download from https://github.com/realm/SwiftLint\"\nfi\n";
		};
/* End PBXShellScriptBuildPhase section */

/* Begin PBXSourcesBuildPhase section */
		9E3DE56624C219F70094D078 /* Sources */ = {
			isa = PBXSourcesBuildPhase;
			buildActionMask = 2147483647;
			files = (
				9E3DE57424C219F70094D078 /* SecondViewController.swift in Sources */,
				9E525A6024CDF6B200D7F2CC /* QuizViewController.swift in Sources */,
				9E3DE57224C219F70094D078 /* SoundWaveViewController.swift in Sources */,
				9E3DE56E24C219F70094D078 /* AppDelegate.swift in Sources */,
				9E70017924C604B00054D2D7 /* AudioFile.swift in Sources */,
				9E3DE57024C219F70094D078 /* SceneDelegate.swift in Sources */,
				9E3DE5A224C21D370094D078 /* SoundWaveCell.swift in Sources */,
				9E525A6824CE0AF100D7F2CC /* UIImage+Extensions.swift in Sources */,
				9E525A6224CDF7ED00D7F2CC /* BirdCollectionViewCell.swift in Sources */,
				9E525A6624CDFEDF00D7F2CC /* BirdOptionsCollectionViewController.swift in Sources */,
			);
			runOnlyForDeploymentPostprocessing = 0;
		};
		9E3DE57E24C219FB0094D078 /* Sources */ = {
			isa = PBXSourcesBuildPhase;
			buildActionMask = 2147483647;
			files = (
				9E3DE58724C219FB0094D078 /* bird_callsTests.swift in Sources */,
			);
			runOnlyForDeploymentPostprocessing = 0;
		};
		9E3DE58924C219FB0094D078 /* Sources */ = {
			isa = PBXSourcesBuildPhase;
			buildActionMask = 2147483647;
			files = (
				9E3DE59224C219FB0094D078 /* bird_callsUITests.swift in Sources */,
			);
			runOnlyForDeploymentPostprocessing = 0;
		};
/* End PBXSourcesBuildPhase section */

/* Begin PBXTargetDependency section */
		9E3DE58424C219FB0094D078 /* PBXTargetDependency */ = {
			isa = PBXTargetDependency;
			target = 9E3DE56924C219F70094D078 /* bird-calls */;
			targetProxy = 9E3DE58324C219FB0094D078 /* PBXContainerItemProxy */;
		};
		9E3DE58F24C219FB0094D078 /* PBXTargetDependency */ = {
			isa = PBXTargetDependency;
			target = 9E3DE56924C219F70094D078 /* bird-calls */;
			targetProxy = 9E3DE58E24C219FB0094D078 /* PBXContainerItemProxy */;
		};
/* End PBXTargetDependency section */

/* Begin PBXVariantGroup section */
		9E3DE57524C219F70094D078 /* Main.storyboard */ = {
			isa = PBXVariantGroup;
			children = (
				9E3DE57624C219F70094D078 /* Base */,
			);
			name = Main.storyboard;
			sourceTree = "<group>";
		};
		9E3DE57A24C219FB0094D078 /* LaunchScreen.storyboard */ = {
			isa = PBXVariantGroup;
			children = (
				9E3DE57B24C219FB0094D078 /* Base */,
			);
			name = LaunchScreen.storyboard;
			sourceTree = "<group>";
		};
/* End PBXVariantGroup section */

/* Begin XCBuildConfiguration section */
		9E3DE59424C219FB0094D078 /* Debug */ = {
			isa = XCBuildConfiguration;
			buildSettings = {
				ALWAYS_SEARCH_USER_PATHS = NO;
				CLANG_ANALYZER_NONNULL = YES;
				CLANG_ANALYZER_NUMBER_OBJECT_CONVERSION = YES_AGGRESSIVE;
				CLANG_CXX_LANGUAGE_STANDARD = "gnu++14";
				CLANG_CXX_LIBRARY = "libc++";
				CLANG_ENABLE_MODULES = YES;
				CLANG_ENABLE_OBJC_ARC = YES;
				CLANG_ENABLE_OBJC_WEAK = YES;
				CLANG_WARN_BLOCK_CAPTURE_AUTORELEASING = YES;
				CLANG_WARN_BOOL_CONVERSION = YES;
				CLANG_WARN_COMMA = YES;
				CLANG_WARN_CONSTANT_CONVERSION = YES;
				CLANG_WARN_DEPRECATED_OBJC_IMPLEMENTATIONS = YES;
				CLANG_WARN_DIRECT_OBJC_ISA_USAGE = YES_ERROR;
				CLANG_WARN_DOCUMENTATION_COMMENTS = YES;
				CLANG_WARN_EMPTY_BODY = YES;
				CLANG_WARN_ENUM_CONVERSION = YES;
				CLANG_WARN_INFINITE_RECURSION = YES;
				CLANG_WARN_INT_CONVERSION = YES;
				CLANG_WARN_NON_LITERAL_NULL_CONVERSION = YES;
				CLANG_WARN_OBJC_IMPLICIT_RETAIN_SELF = YES;
				CLANG_WARN_OBJC_LITERAL_CONVERSION = YES;
				CLANG_WARN_OBJC_ROOT_CLASS = YES_ERROR;
				CLANG_WARN_RANGE_LOOP_ANALYSIS = YES;
				CLANG_WARN_STRICT_PROTOTYPES = YES;
				CLANG_WARN_SUSPICIOUS_MOVE = YES;
				CLANG_WARN_UNGUARDED_AVAILABILITY = YES_AGGRESSIVE;
				CLANG_WARN_UNREACHABLE_CODE = YES;
				CLANG_WARN__DUPLICATE_METHOD_MATCH = YES;
				COPY_PHASE_STRIP = NO;
				DEBUG_INFORMATION_FORMAT = dwarf;
				ENABLE_STRICT_OBJC_MSGSEND = YES;
				ENABLE_TESTABILITY = YES;
				GCC_C_LANGUAGE_STANDARD = gnu11;
				GCC_DYNAMIC_NO_PIC = NO;
				GCC_NO_COMMON_BLOCKS = YES;
				GCC_OPTIMIZATION_LEVEL = 0;
				GCC_PREPROCESSOR_DEFINITIONS = (
					"DEBUG=1",
					"$(inherited)",
				);
				GCC_WARN_64_TO_32_BIT_CONVERSION = YES;
				GCC_WARN_ABOUT_RETURN_TYPE = YES_ERROR;
				GCC_WARN_UNDECLARED_SELECTOR = YES;
				GCC_WARN_UNINITIALIZED_AUTOS = YES_AGGRESSIVE;
				GCC_WARN_UNUSED_FUNCTION = YES;
				GCC_WARN_UNUSED_VARIABLE = YES;
				IPHONEOS_DEPLOYMENT_TARGET = 13.6;
				MTL_ENABLE_DEBUG_INFO = INCLUDE_SOURCE;
				MTL_FAST_MATH = YES;
				ONLY_ACTIVE_ARCH = YES;
				SDKROOT = iphoneos;
				SWIFT_ACTIVE_COMPILATION_CONDITIONS = DEBUG;
				SWIFT_OPTIMIZATION_LEVEL = "-Onone";
			};
			name = Debug;
		};
		9E3DE59524C219FB0094D078 /* Release */ = {
			isa = XCBuildConfiguration;
			buildSettings = {
				ALWAYS_SEARCH_USER_PATHS = NO;
				CLANG_ANALYZER_NONNULL = YES;
				CLANG_ANALYZER_NUMBER_OBJECT_CONVERSION = YES_AGGRESSIVE;
				CLANG_CXX_LANGUAGE_STANDARD = "gnu++14";
				CLANG_CXX_LIBRARY = "libc++";
				CLANG_ENABLE_MODULES = YES;
				CLANG_ENABLE_OBJC_ARC = YES;
				CLANG_ENABLE_OBJC_WEAK = YES;
				CLANG_WARN_BLOCK_CAPTURE_AUTORELEASING = YES;
				CLANG_WARN_BOOL_CONVERSION = YES;
				CLANG_WARN_COMMA = YES;
				CLANG_WARN_CONSTANT_CONVERSION = YES;
				CLANG_WARN_DEPRECATED_OBJC_IMPLEMENTATIONS = YES;
				CLANG_WARN_DIRECT_OBJC_ISA_USAGE = YES_ERROR;
				CLANG_WARN_DOCUMENTATION_COMMENTS = YES;
				CLANG_WARN_EMPTY_BODY = YES;
				CLANG_WARN_ENUM_CONVERSION = YES;
				CLANG_WARN_INFINITE_RECURSION = YES;
				CLANG_WARN_INT_CONVERSION = YES;
				CLANG_WARN_NON_LITERAL_NULL_CONVERSION = YES;
				CLANG_WARN_OBJC_IMPLICIT_RETAIN_SELF = YES;
				CLANG_WARN_OBJC_LITERAL_CONVERSION = YES;
				CLANG_WARN_OBJC_ROOT_CLASS = YES_ERROR;
				CLANG_WARN_RANGE_LOOP_ANALYSIS = YES;
				CLANG_WARN_STRICT_PROTOTYPES = YES;
				CLANG_WARN_SUSPICIOUS_MOVE = YES;
				CLANG_WARN_UNGUARDED_AVAILABILITY = YES_AGGRESSIVE;
				CLANG_WARN_UNREACHABLE_CODE = YES;
				CLANG_WARN__DUPLICATE_METHOD_MATCH = YES;
				COPY_PHASE_STRIP = NO;
				DEBUG_INFORMATION_FORMAT = "dwarf-with-dsym";
				ENABLE_NS_ASSERTIONS = NO;
				ENABLE_STRICT_OBJC_MSGSEND = YES;
				GCC_C_LANGUAGE_STANDARD = gnu11;
				GCC_NO_COMMON_BLOCKS = YES;
				GCC_WARN_64_TO_32_BIT_CONVERSION = YES;
				GCC_WARN_ABOUT_RETURN_TYPE = YES_ERROR;
				GCC_WARN_UNDECLARED_SELECTOR = YES;
				GCC_WARN_UNINITIALIZED_AUTOS = YES_AGGRESSIVE;
				GCC_WARN_UNUSED_FUNCTION = YES;
				GCC_WARN_UNUSED_VARIABLE = YES;
				IPHONEOS_DEPLOYMENT_TARGET = 13.6;
				MTL_ENABLE_DEBUG_INFO = NO;
				MTL_FAST_MATH = YES;
				SDKROOT = iphoneos;
				SWIFT_COMPILATION_MODE = wholemodule;
				SWIFT_OPTIMIZATION_LEVEL = "-O";
				VALIDATE_PRODUCT = YES;
			};
			name = Release;
		};
		9E3DE59724C219FB0094D078 /* Debug */ = {
			isa = XCBuildConfiguration;
			buildSettings = {
				ASSETCATALOG_COMPILER_APPICON_NAME = AppIcon;
				CODE_SIGN_STYLE = Automatic;
				DEVELOPMENT_TEAM = TLNU8LHLC5;
				INFOPLIST_FILE = "bird-calls/Info.plist";
				LD_RUNPATH_SEARCH_PATHS = (
					"$(inherited)",
					"@executable_path/Frameworks",
				);
				PRODUCT_BUNDLE_IDENTIFIER = "com.sajedian.bird-calls";
				PRODUCT_NAME = "$(TARGET_NAME)";
				SWIFT_VERSION = 5.0;
				TARGETED_DEVICE_FAMILY = "1,2";
			};
			name = Debug;
		};
		9E3DE59824C219FB0094D078 /* Release */ = {
			isa = XCBuildConfiguration;
			buildSettings = {
				ASSETCATALOG_COMPILER_APPICON_NAME = AppIcon;
				CODE_SIGN_STYLE = Automatic;
				DEVELOPMENT_TEAM = TLNU8LHLC5;
				INFOPLIST_FILE = "bird-calls/Info.plist";
				LD_RUNPATH_SEARCH_PATHS = (
					"$(inherited)",
					"@executable_path/Frameworks",
				);
				PRODUCT_BUNDLE_IDENTIFIER = "com.sajedian.bird-calls";
				PRODUCT_NAME = "$(TARGET_NAME)";
				SWIFT_VERSION = 5.0;
				TARGETED_DEVICE_FAMILY = "1,2";
			};
			name = Release;
		};
		9E3DE59A24C219FB0094D078 /* Debug */ = {
			isa = XCBuildConfiguration;
			buildSettings = {
				ALWAYS_EMBED_SWIFT_STANDARD_LIBRARIES = YES;
				BUNDLE_LOADER = "$(TEST_HOST)";
				CODE_SIGN_STYLE = Automatic;
				DEVELOPMENT_TEAM = TLNU8LHLC5;
				INFOPLIST_FILE = "bird-callsTests/Info.plist";
				IPHONEOS_DEPLOYMENT_TARGET = 13.6;
				LD_RUNPATH_SEARCH_PATHS = (
					"$(inherited)",
					"@executable_path/Frameworks",
					"@loader_path/Frameworks",
				);
				PRODUCT_BUNDLE_IDENTIFIER = "com.sajedian.bird-callsTests";
				PRODUCT_NAME = "$(TARGET_NAME)";
				SWIFT_VERSION = 5.0;
				TARGETED_DEVICE_FAMILY = "1,2";
				TEST_HOST = "$(BUILT_PRODUCTS_DIR)/bird-calls.app/bird-calls";
			};
			name = Debug;
		};
		9E3DE59B24C219FB0094D078 /* Release */ = {
			isa = XCBuildConfiguration;
			buildSettings = {
				ALWAYS_EMBED_SWIFT_STANDARD_LIBRARIES = YES;
				BUNDLE_LOADER = "$(TEST_HOST)";
				CODE_SIGN_STYLE = Automatic;
				DEVELOPMENT_TEAM = TLNU8LHLC5;
				INFOPLIST_FILE = "bird-callsTests/Info.plist";
				IPHONEOS_DEPLOYMENT_TARGET = 13.6;
				LD_RUNPATH_SEARCH_PATHS = (
					"$(inherited)",
					"@executable_path/Frameworks",
					"@loader_path/Frameworks",
				);
				PRODUCT_BUNDLE_IDENTIFIER = "com.sajedian.bird-callsTests";
				PRODUCT_NAME = "$(TARGET_NAME)";
				SWIFT_VERSION = 5.0;
				TARGETED_DEVICE_FAMILY = "1,2";
				TEST_HOST = "$(BUILT_PRODUCTS_DIR)/bird-calls.app/bird-calls";
			};
			name = Release;
		};
		9E3DE59D24C219FB0094D078 /* Debug */ = {
			isa = XCBuildConfiguration;
			buildSettings = {
				ALWAYS_EMBED_SWIFT_STANDARD_LIBRARIES = YES;
				CODE_SIGN_STYLE = Automatic;
				DEVELOPMENT_TEAM = TLNU8LHLC5;
				INFOPLIST_FILE = "bird-callsUITests/Info.plist";
				LD_RUNPATH_SEARCH_PATHS = (
					"$(inherited)",
					"@executable_path/Frameworks",
					"@loader_path/Frameworks",
				);
				PRODUCT_BUNDLE_IDENTIFIER = "com.sajedian.bird-callsUITests";
				PRODUCT_NAME = "$(TARGET_NAME)";
				SWIFT_VERSION = 5.0;
				TARGETED_DEVICE_FAMILY = "1,2";
				TEST_TARGET_NAME = "bird-calls";
			};
			name = Debug;
		};
		9E3DE59E24C219FB0094D078 /* Release */ = {
			isa = XCBuildConfiguration;
			buildSettings = {
				ALWAYS_EMBED_SWIFT_STANDARD_LIBRARIES = YES;
				CODE_SIGN_STYLE = Automatic;
				DEVELOPMENT_TEAM = TLNU8LHLC5;
				INFOPLIST_FILE = "bird-callsUITests/Info.plist";
				LD_RUNPATH_SEARCH_PATHS = (
					"$(inherited)",
					"@executable_path/Frameworks",
					"@loader_path/Frameworks",
				);
				PRODUCT_BUNDLE_IDENTIFIER = "com.sajedian.bird-callsUITests";
				PRODUCT_NAME = "$(TARGET_NAME)";
				SWIFT_VERSION = 5.0;
				TARGETED_DEVICE_FAMILY = "1,2";
				TEST_TARGET_NAME = "bird-calls";
			};
			name = Release;
		};
/* End XCBuildConfiguration section */

/* Begin XCConfigurationList section */
		9E3DE56524C219F70094D078 /* Build configuration list for PBXProject "bird-calls" */ = {
			isa = XCConfigurationList;
			buildConfigurations = (
				9E3DE59424C219FB0094D078 /* Debug */,
				9E3DE59524C219FB0094D078 /* Release */,
			);
			defaultConfigurationIsVisible = 0;
			defaultConfigurationName = Release;
		};
		9E3DE59624C219FB0094D078 /* Build configuration list for PBXNativeTarget "bird-calls" */ = {
			isa = XCConfigurationList;
			buildConfigurations = (
				9E3DE59724C219FB0094D078 /* Debug */,
				9E3DE59824C219FB0094D078 /* Release */,
			);
			defaultConfigurationIsVisible = 0;
			defaultConfigurationName = Release;
		};
		9E3DE59924C219FB0094D078 /* Build configuration list for PBXNativeTarget "bird-callsTests" */ = {
			isa = XCConfigurationList;
			buildConfigurations = (
				9E3DE59A24C219FB0094D078 /* Debug */,
				9E3DE59B24C219FB0094D078 /* Release */,
			);
			defaultConfigurationIsVisible = 0;
			defaultConfigurationName = Release;
		};
		9E3DE59C24C219FB0094D078 /* Build configuration list for PBXNativeTarget "bird-callsUITests" */ = {
			isa = XCConfigurationList;
			buildConfigurations = (
				9E3DE59D24C219FB0094D078 /* Debug */,
				9E3DE59E24C219FB0094D078 /* Release */,
			);
			defaultConfigurationIsVisible = 0;
			defaultConfigurationName = Release;
		};
/* End XCConfigurationList section */

/* Begin XCRemoteSwiftPackageReference section */
		9E70017524C396420054D2D7 /* XCRemoteSwiftPackageReference "FDWaveformView" */ = {
			isa = XCRemoteSwiftPackageReference;
			repositoryURL = "https://github.com/fulldecent/FDWaveformView";
			requirement = {
				kind = upToNextMajorVersion;
				minimumVersion = 5.0.1;
			};
		};
/* End XCRemoteSwiftPackageReference section */

/* Begin XCSwiftPackageProductDependency section */
		9E70017624C396420054D2D7 /* FDWaveformView */ = {
			isa = XCSwiftPackageProductDependency;
			package = 9E70017524C396420054D2D7 /* XCRemoteSwiftPackageReference "FDWaveformView" */;
			productName = FDWaveformView;
		};
/* End XCSwiftPackageProductDependency section */
	};
	rootObject = 9E3DE56224C219F70094D078 /* Project object */;
}
